
Microsoft Visual Studio Solution File, Format Version 12.00
# Visual Studio 15
VisualStudioVersion = 15.0.28307.1000
MinimumVisualStudioVersion = 10.0.40219.1
Project("{FAE04EC0-301F-11D3-BF4B-00C04F79EFBC}") = "App2017lication", "App2017lication\App2017lication.csproj", "{CC90DFBA-AD1E-4884-8CF7-3777CA91860C}"
EndProject
Global
	GlobalSection(SolutionConfigurationPlatforms) = preSolution
		Debug|Any CPU = Debug|Any CPU
		Release|Any CPU = Release|Any CPU
	EndGlobalSection
	GlobalSection(ProjectConfigurationPlatforms) = postSolution
		{CC90DFBA-AD1E-4884-8CF7-3777CA91860C}.Debug|Any CPU.ActiveCfg = Debug|Any CPU
		{CC90DFBA-AD1E-4884-8CF7-3777CA91860C}.Debug|Any CPU.Build.0 = Debug|Any CPU
		{CC90DFBA-AD1E-4884-8CF7-3777CA91860C}.Release|Any CPU.ActiveCfg = Release|Any CPU
		{CC90DFBA-AD1E-4884-8CF7-3777CA91860C}.Release|Any CPU.Build.0 = Release|Any CPU
	EndGlobalSection
	GlobalSection(SolutionProperties) = preSolution
		HideSolutionNode = FALSE
	EndGlobalSection
	GlobalSection(ExtensibilityGlobals) = postSolution
		SolutionGuid = {E629B8B8-3789-4659-9233-4F657983AE1A}
	EndGlobalSection
EndGlobal
